version = 1
revision = 3
requires-python = ">=3.13"

[[package]]
name = "colorama"
version = "0.4.6"
source = { registry = "https://pypi.org/simple" }
sdist = { url = "https://files.pythonhosted.org/packages/d8/53/6f443c9a4a8358a93a6792e2acffb9d9d5cb0a5cfd8802644b7b1c9a02e4/colorama-0.4.6.tar.gz", hash = "sha256:08695f5cb7ed6e0531a20572697297273c47b8cae5a63ffc6d6ed5c201be6e44", size = 27697, upload-time = "2022-10-25T02:36:22.414Z" }
wheels = [
    { url = "https://files.pythonhosted.org/packages/d1/d6/3965ed04c63042e047cb6a3e6ed1a63a35087b6a609aa3a15ed8ac56c221/colorama-0.4.6-py2.py3-none-any.whl", hash = "sha256:4f1d9991f5acc0ca119f9d443620b77f9d6b33703e51011c16baf57afb285fc6", size = 25335, upload-time = "2022-10-25T02:36:20.889Z" },
]

[[package]]
name = "et-xmlfile"
version = "2.0.0"
source = { registry = "https://pypi.org/simple" }
sdist = { url = "https://files.pythonhosted.org/packages/d3/38/af70d7ab1ae9d4da450eeec1fa3918940a5fafb9055e934af8d6eb0c2313/et_xmlfile-2.0.0.tar.gz", hash = "sha256:dab3f4764309081ce75662649be815c4c9081e88f0837825f90fd28317d4da54", size = 17234, upload-time = "2024-10-25T17:25:40.039Z" }
wheels = [
    { url = "https://files.pythonhosted.org/packages/c1/8b/5fe2cc11fee489817272089c4203e679c63b570a5aaeb18d852ae3cbba6a/et_xmlfile-2.0.0-py3-none-any.whl", hash = "sha256:7a91720bc756843502c3b7504c77b8fe44217c85c537d85037f0f536151b2caa", size = 18059, upload-time = "2024-10-25T17:25:39.051Z" },
]

[[package]]
name = "flexcache"
version = "0.3"
source = { registry = "https://pypi.org/simple" }
dependencies = [
    { name = "typing-extensions" },
]
sdist = { url = "https://files.pythonhosted.org/packages/55/b0/8a21e330561c65653d010ef112bf38f60890051d244ede197ddaa08e50c1/flexcache-0.3.tar.gz", hash = "sha256:18743bd5a0621bfe2cf8d519e4c3bfdf57a269c15d1ced3fb4b64e0ff4600656", size = 15816, upload-time = "2024-03-09T03:21:07.555Z" }
wheels = [
    { url = "https://files.pythonhosted.org/packages/27/cd/c883e1a7c447479d6e13985565080e3fea88ab5a107c21684c813dba1875/flexcache-0.3-py3-none-any.whl", hash = "sha256:d43c9fea82336af6e0115e308d9d33a185390b8346a017564611f1466dcd2e32", size = 13263, upload-time = "2024-03-09T03:21:05.635Z" },
]

[[package]]
name = "flexparser"
version = "0.4"
source = { registry = "https://pypi.org/simple" }
dependencies = [
    { name = "typing-extensions" },
]
sdist = { url = "https://files.pythonhosted.org/packages/82/99/b4de7e39e8eaf8207ba1a8fa2241dd98b2ba72ae6e16960d8351736d8702/flexparser-0.4.tar.gz", hash = "sha256:266d98905595be2ccc5da964fe0a2c3526fbbffdc45b65b3146d75db992ef6b2", size = 31799, upload-time = "2024-11-07T02:00:56.249Z" }
wheels = [
    { url = "https://files.pythonhosted.org/packages/fe/5e/3be305568fe5f34448807976dc82fc151d76c3e0e03958f34770286278c1/flexparser-0.4-py3-none-any.whl", hash = "sha256:3738b456192dcb3e15620f324c447721023c0293f6af9955b481e91d00179846", size = 27625, upload-time = "2024-11-07T02:00:54.523Z" },
]

[[package]]
name = "handrail"
version = "0.1.0"
source = { editable = "." }
dependencies = [
    { name = "openpyxl" },
    { name = "pint" },
    { name = "typst" },
]

[package.dev-dependencies]
dev = [
    { name = "pytest" },
]

[package.metadata]
requires-dist = [
    { name = "openpyxl", specifier = ">=3.1.5" },
    { name = "pint", specifier = ">=0.26.1" },
    { name = "typst", specifier = ">=0.15.0" },
]

[package.metadata.requires-dev]
dev = [{ name = "pytest", specifier = ">=9.1.1" }]

[[package]]
name = "iniconfig"
version = "2.3.0"
source = { registry = "https://pypi.org/simple" }
sdist = { url = "https://files.pythonhosted.org/packages/72/34/14ca021ce8e5dfedc35312d08ba8bf51fdd999c576889fc2c24cb97f4f10/iniconfig-2.3.0.tar.gz", hash = "sha256:c76315c77db068650d49c5b56314774a7804df16fee4402c1f19d6d15d8c4730", size = 20503, upload-time = "2025-10-18T21:55:43.219Z" }
wheels = [
    { url = "https://files.pythonhosted.org/packages/cb/b1/3846dd7f199d53cb17f49cba7e651e9ce294d8497c8c150530ed11865bb8/iniconfig-2.3.0-py3-none-any.whl", hash = "sha256:f631c04d2c48c52b84d0d0549c99ff3859c98df65b3101406327ecc7d53fbf12", size = 7484, upload-time = "2025-10-18T21:55:41.639Z" },
]

[[package]]
name = "openpyxl"
version = "3.1.5"
source = { registry = "https://pypi.org/simple" }
dependencies = [
    { name = "et-xmlfile" },
]
sdist = { url = "https://files.pythonhosted.org/packages/3d/f9/88d94a75de065ea32619465d2f77b29a0469500e99012523b91cc4141cd1/openpyxl-3.1.5.tar.gz", hash = "sha256:cf0e3cf56142039133628b5acffe8ef0c12bc902d2aadd3e0fe5878dc08d1050", size = 186464, upload-time = "2024-06-28T14:03:44.161Z" }
wheels = [
    { url = "https://files.pythonhosted.org/packages/c0/da/977ded879c29cbd04de313843e76868e6e13408a94ed6b987245dc7c8506/openpyxl-3.1.5-py2.py3-none-any.whl", hash = "sha256:5282c12b107bffeef825f4617dc029afaf41d0ea60823bbb665ef3079dc79de2", size = 250910, upload-time = "2024-06-28T14:03:41.161Z" },
]

[[package]]
name = "packaging"
version = "26.3"
source = { registry = "https://pypi.org/simple" }
sdist = { url = "https://files.pythonhosted.org/packages/7d/fa/3944b40b07da9ce895c0e6303a5ab7d53da063554f534556b134a54d6093/packaging-26.3.tar.gz", hash = "sha256:94edc256424af38762eb31306eed28beb9f0efc50a8837492c9d6fd6004aed79", size = 313412, upload-time = "2026-08-04T18:15:28.737Z" }
wheels = [
    { url = "https://files.pythonhosted.org/packages/63/34/ba1c580383c9eada3711951fef0795c80b829a078d72188184bcab9dd527/packaging-26.3-py3-none-any.whl", hash = "sha256:d7193f7c8e4e93f444fde0262bf90af30e16fa0ad0ad44cb553c87339b23cd1c", size = 129956, upload-time = "2026-08-04T18:15:27.159Z" },
]

[[package]]
name = "pint"
version = "0.26.1"
source = { registry = "https://pypi.org/simple" }
dependencies = [
    { name = "flexcache" },
    { name = "flexparser" },
    { name = "platformdirs" },
    { name = "typing-extensions" },
]
sdist = { url = "https://files.pythonhosted.org/packages/9f/bc/2c38c32e0fb1f966d3695f4493a3f3ce2cc0cca1bbe7c958b92261b31af9/pint-0.26.1.tar.gz", hash = "sha256:1bbde36eae57a5a289cd05081c6405618a5899814940752064ce351cd0204f71", size = 273631, upload-time = "2026-09-10T21:16:49.712Z" }
wheels = [
    { url = "https://files.pythonhosted.org/packages/6d/5c/9507ea3c732f8a259f45ddf190a741e9bf7d3fe229b5d473917ee6efbf1e/pint-0.26.1-py3-none-any.whl", hash = "sha256:e982b129415c09c63308f314ae44697d83e5c96f253bcc0d5b833fc3329eb6d4", size = 326478, upload-time = "2026-09-10T21:16:48.316Z" },
]

[[package]]
name = "platformdirs"
version = "4.12.2"
source = { registry = "https://pypi.org/simple" }
sdist = { url = "https://files.pythonhosted.org/packages/17/c8/721b3855fe457da514fe249247d404b9b39c5d16532278f70ebaa6acf18b/platformdirs-4.12.2.tar.gz", hash = "sha256:eab5f70271a490ef74618bb314fbb86e3c7e82fa3b9c922c2ea0e0a1a155d329", size = 59353, upload-time = "2026-09-29T18:27:56.009Z" }
wheels = [
    { url = "https://files.pythonhosted.org/packages/d0/89/446044f33aba0348d35e433f56d12206d010a5281a1df54054d4cfb82388/platformdirs-4.12.2-py3-none-any.whl", hash = "sha256:29dbf06d96c500bc6bdbce75fb0a14d63279c93b1842f97e72a135b33e856983", size = 32457, upload-time = "2026-09-29T18:27:54.43Z" },
]

[[package]]
name = "pluggy"
version = "1.6.0"
source = { registry = "https://pypi.org/simple" }
sdist = { url = "https://files.pythonhosted.org/packages/f9/e2/3e91f31a7d2b083fe6ef3fa267035b518369d9511ffab804f839851d2779/pluggy-1.6.0.tar.gz", hash = "sha256:7dcc130b76258d33b90f61b658791dede3486c3e6bfb003ee5c9bfb396dd22f3", size = 69412, upload-time = "2025-05-15T12:30:07.975Z" }
wheels = [
    { url = "https://files.pythonhosted.org/packages/54/20/4d324d65cc6d9205fabedc306948156824eb9f0ee1633355a8f7ec5c66bf/pluggy-1.6.0-py3-none-any.whl", hash = "sha256:e920276dd6813095e9377c0bc5566d94c932c33b27a3e3945d8389c374dd4746", size = 20538, upload-time = "2025-05-15T12:30:06.134Z" },
]

[[package]]
name = "pygments"
version = "2.21.0"
source = { registry = "https://pypi.org/simple" }
sdist = { url = "https://files.pythonhosted.org/packages/49/2e/ced460408999b33da6b31b0021b0f37d329e202d4169aeb164493778f25b/pygments-2.21.0.tar.gz", hash = "sha256:610ca751c9bc2492b38eb9a38a7fbc93edbbb2d7182edaf34e66ae493dee5c8c", size = 5005329, upload-time = "2026-08-17T08:02:48.824Z" }
wheels = [
    { url = "https://files.pythonhosted.org/packages/71/46/17f022dd3e953bf20a04a028a21ec746d942f8d2af30fa0f124fa0e6a684/pygments-2.21.0-py3-none-any.whl", hash = "sha256:2363c69b61c4a97c838da3b130dcd6468f4848992b21a82f2a63ec34377137d9", size = 1250147, upload-time = "2026-08-17T08:02:44.912Z" },
]

[[package]]
name = "pytest"
version = "9.1.1"
source = { registry = "https://pypi.org/simple" }
dependencies = [
    { name = "colorama", marker = "sys_platform == 'win32'" },
    { name = "iniconfig" },
    { name = "packaging" },
    { name = "pluggy" },
    { name = "pygments" },
]
sdist = { url = "https://files.pythonhosted.org/packages/e4/47/b9efed96c114afcfa3c9d3fe98a76a1d14c74a9e266d397cf6eb64be5e01/pytest-9.1.1.tar.gz", hash = "sha256:1088fbde8f2b49d95a549a195707afa7a76a3ce9bcadc26b6d71f0ffda5fe313", size = 1636369, upload-time = "2026-06-19T10:58:32.857Z" }
wheels = [
    { url = "https://files.pythonhosted.org/packages/24/25/1de2678b631f5a49215c6c96fff41ba892b0a34df68d6d80292b1b48aa7f/pytest-9.1.1-py3-none-any.whl", hash = "sha256:37a86b45efb9a47a61a36449063e8e18d0cab3161329fc099eb21783169c4f0c", size = 386536, upload-time = "2026-06-19T10:58:31.347Z" },
]

[[package]]
name = "typing-extensions"
version = "4.16.0"
source = { registry = "https://pypi.org/simple" }
sdist = { url = "https://files.pythonhosted.org/packages/f6/cc/6253133b5bb138fc3306cebfbda2c520f545d36b5be2c7255cc528bb45d6/typing_extensions-4.16.0.tar.gz", hash = "sha256:dc983d19a509c94dba722ee6abd33940f7c05a89e243c47e907eb4db6f1a43e5", size = 113555, upload-time = "2026-07-02T08:40:05.92Z" }
wheels = [
    { url = "https://files.pythonhosted.org/packages/49/d3/b8441a820a491ddfc024b0b0cf0393375b75ea13866d9c66727e54c2fc80/typing_extensions-4.16.0-py3-none-any.whl", hash = "sha256:481caa481374e813c1b176ada14e97f1f67a4539ce9cfeb3f350d78d6370c2e8", size = 45571, upload-time = "2026-07-02T08:40:04.659Z" },
]

[[package]]
name = "typst"
version = "0.15.0"
source = { registry = "https://pypi.org/simple" }
sdist = { url = "https://files.pythonhosted.org/packages/95/69/5d6700379124632f243c7eb2b41b3244ef991fe8ff29b27333e0bb655918/typst-0.15.0.tar.gz", hash = "sha256:a60231b55f0a793c2401b26577522dbf7528207407b383de3a7f0cf7fd3ce28a", size = 66887, upload-time = "2026-06-16T13:02:31.809Z" }
wheels = [
    { url = "https://files.pythonhosted.org/packages/92/8c/53e4acb6095fc20d2ec981155a1b9a1364b34aa86a884a75f9be1addb88d/typst-0.15.0-cp314-cp314t-macosx_10_12_x86_64.whl", hash = "sha256:880da56762b240649492186a24cc53427e8a41108b2e73fa337ac4cb314eb3b0", size = 30925413, upload-time = "2026-06-16T13:01:32.627Z" },
    { url = "https://files.pythonhosted.org/packages/21/5e/fb330894aa9a80e39a5e9d0a3f6f3ea4fcb44ba883965635a281323a027d/typst-0.15.0-cp314-cp314t-macosx_11_0_arm64.whl", hash = "sha256:89aafbd9f3d788b72486a90106d927f17dba1fe30c55c3522f77a201397bc107", size = 30486424, upload-time = "2026-06-16T13:01:36.322Z" },
    { url = "https://files.pythonhosted.org/packages/ca/83/32c54f97c2638076a4b5301b0c7d7b282f232c85bcab539ccb80284983dd/typst-0.15.0-cp314-cp314t-manylinux_2_17_aarch64.manylinux2014_aarch64.whl", hash = "sha256:7152f62e1737d82d55650162f03534be4639ae800921a1a84848387c0f3b0ba4", size = 34917438, upload-time = "2026-06-16T13:01:39.833Z" },
    { url = "https://files.pythonhosted.org/packages/44/e1/499c395e83ab44da091d51f99ece04dd7edcbb1b6cd5b2ec8ce5906202c6/typst-0.15.0-cp314-cp314t-manylinux_2_17_armv7l.manylinux2014_armv7l.whl", hash = "sha256:686fdf83684e4ada66a841442c6fcf8dc934e14ba5458fceb5cf50fb2a0c80d6", size = 34356766, upload-time = "2026-06-16T13:01:43.105Z" },
    { url = "https://files.pythonhosted.org/packages/0f/ae/da45903d5b939a07979e4ba9a360f55cf76f2be1025a2ed3c631f07bbcdd/typst-0.15.0-cp314-cp314t-manylinux_2_17_ppc64le.manylinux2014_ppc64le.whl", hash = "sha256:07351f26991ed61e732fe3f1035076ee6b4a241dcdef789e78cbcf3fcdb267d7", size = 36442334, upload-time = "2026-06-16T13:01:47.439Z" },
    { url = "https://files.pythonhosted.org/packages/7f/5b/ff49f4f2ed7591f76566e1f14fc46f4cfd638bf6be36ca6e0d3c9b54ee7d/typst-0.15.0-cp314-cp314t-manylinux_2_17_s390x.manylinux2014_s390x.whl", hash = "sha256:0e2f5cd0cffc7a0d388ad6c38d7c1d7bc1cf630abfe1bc682e09614e8d203a48", size = 35187180, upload-time = "2026-06-16T13:01:50.775Z" },
    { url = "https://files.pythonhosted.org/packages/28/58/a78f0620dceabbd4f2e5ee7dc377cfeb331ebaacd8c541de07c6a9892c47/typst-0.15.0-cp314-cp314t-manylinux_2_17_x86_64.manylinux2014_x86_64.whl", hash = "sha256:7007ccb3cd3cd3a5fe23876b413eca927b4d210ddbebc087b9394fe0cea8e91a", size = 34139808, upload-time = "2026-06-16T13:01:54.17Z" },
    { url = "https://files.pythonhosted.org/packages/4b/6b/9715202f2179a00a8be7fee6e9c890d10dc41ac145c03e09ec336906e93f/typst-0.15.0-cp314-cp314t-win_amd64.whl", hash = "sha256:5a942eb7a86885f30cd34c0f42c24bf14bd270fb20fe37e268b2061d7d783daa", size = 29355085, upload-time = "2026-06-16T13:01:57.56Z" },
    { url = "https://files.pythonhosted.org/packages/0d/30/cce48475a335eced15769252bc5b2631b02196f07c001ab34ccd79664afb/typst-0.15.0-cp38-abi3-macosx_10_12_x86_64.whl", hash = "sha256:a9c02ca7503d1916fb3eaa22aef413bd23b6d54abef5c6c5ecac8d1b804deb8d", size = 30936670, upload-time = "2026-06-16T13:02:01.038Z" },
    { url = "https://files.pythonhosted.org/packages/2c/a9/8cb66f027d644572836423382a8e063c388c9d87fed474e0f499c4cb17e1/typst-0.15.0-cp38-abi3-macosx_11_0_arm64.whl", hash = "sha256:98afafa47e372728bce7fe1153b8d3ace4619d6c3a549908989d65f9aec96247", size = 30504579, upload-time = "2026-06-16T13:02:04.481Z" },
    { url = "https://files.pythonhosted.org/packages/83/b5/29e6218486259056c2649fb245c5066c3a821cb8b56d6710c3007062136a/typst-0.15.0-cp38-abi3-manylinux_2_17_aarch64.manylinux2014_aarch64.whl", hash = "sha256:97350fcf5eebe5b6c75415e005ac42136744aa9950f4c0e4c484dc015e38d9de", size = 34934501, upload-time = "2026-06-16T13:02:08.207Z" },
    { url = "https://files.pythonhosted.org/packages/5c/1c/6134b210a08c929663f7e3913713758fb475ce76696eea92aeba68f62d7f/typst-0.15.0-cp38-abi3-manylinux_2_17_armv7l.manylinux2014_armv7l.whl", hash = "sha256:a400a27115b85acc020cc514c76ea1d56e607ac40e99e0d3e7413e105ff3485d", size = 34372306, upload-time = "2026-06-16T13:02:11.675Z" },
    { url = "https://files.pythonhosted.org/packages/a5/dd/ca5c10380b63d3f4914be09b694f34c7c7ba24640f2f0713076c77e6b8bb/typst-0.15.0-cp38-abi3-manylinux_2_17_ppc64le.manylinux2014_ppc64le.whl", hash = "sha256:3eadd17f2170e48c73c386b7ccbab2fc1cc4a190969fce8bbad3b3cdc5bc58cf", size = 36463681, upload-time = "2026-06-16T13:02:15.359Z" },
    { url = "https://files.pythonhosted.org/packages/d6/67/3c78adb30f715cbcd0612039b621033a8a57c1d6053a7618837ddf6c19c4/typst-0.15.0-cp38-abi3-manylinux_2_17_s390x.manylinux2014_s390x.whl", hash = "sha256:bb95304a78d4a068d7d19f036a9ab60872aca4e514a4abf214ff65e657ab9bc0", size = 35199094, upload-time = "2026-06-16T13:02:18.678Z" },
    { url = "https://files.pythonhosted.org/packages/2b/57/e2bb9b7823c049361c9e7d2d971996430b71260bfc3a7ed289ca4b37c1b0/typst-0.15.0-cp38-abi3-manylinux_2_17_x86_64.manylinux2014_x86_64.whl", hash = "sha256:8f33d98451bab132a612b98ffc8d1830c97a076ea3f3fde11f6ff7ab9bcae89c", size = 34161270, upload-time = "2026-06-16T13:02:23.051Z" },
    { url = "https://files.pythonhosted.org/packages/07/3f/6d526ddd93e6a7dd26c2b180245df8d1957d2723860030a10bcc0f93650c/typst-0.15.0-cp38-abi3-pyemscripten_2026_0_wasm32.whl", hash = "sha256:019b4282daa892e0a540687efdd2909808a07453700332c7f61a2c1455950ec9", size = 25710679, upload-time = "2026-06-16T13:02:26.169Z" },
    { url = "https://files.pythonhosted.org/packages/f2/5f/7f19bc9f7a2917a52aa39981aff19f86972f4055b432f77f31642ab57625/typst-0.15.0-cp38-abi3-win_amd64.whl", hash = "sha256:7c12706685dbaf5bb7e43f0fa32e57f2a42549b9ec3de539ad0d32bd8d1ca92e", size = 29372618, upload-time = "2026-06-16T13:02:29.651Z" },
]
